dependencies:
- name: alloy
  repository: https://grafana.github.io/helm-charts
  version: 1.5.0
- name: grafana
  repository: https://grafana.github.io/helm-charts
  version: 10.4.1
- name: loki
  repository: https://grafana.github.io/helm-charts
  version: 6.49.0
- name: prometheus
  repository: https://prometheus-community.github.io/helm-charts/
  version: 27.52.0
- name: prometheus-operator-crds
  repository: https://prometheus-community.github.io/helm-charts
  version: 26.0.0
digest: sha256:e221cbf42d20ca4fde5a1c95130dae576e7ca4690884f05192f702e5abf12d1b
generated: "2026-01-22T16:31:11.149531+01:00"
