dependencies:
- name: alloy
  repository: https://grafana.github.io/helm-charts
  version: 1.5.0
- name: grafana
  repository: https://grafana.github.io/helm-charts
  version: 10.4.1
digest: sha256:fbe457f3a28761e4094a07a96598ad7fe55af99f6a9aa6ab206e3e664cd973dd
generated: "2025-12-29T21:24:52.377942+01:00"
