dependencies:
- name: ceph-csi-rbd
  repository: https://ceph.github.io/csi-charts
  version: 3.15.1
- name: ceph-csi-cephfs
  repository: https://ceph.github.io/csi-charts
  version: 3.15.1
digest: sha256:34f2eec524b6ef573589e75141807984f91f7ad9f7a48a0fd31e3f78eaebba30
generated: "2025-12-27T17:49:12.628029+01:00"
