dependencies:
- name: sealed-secrets
  repository: https://bitnami-labs.github.io/sealed-secrets
  version: 2.18.0
- name: vault
  repository: https://helm.releases.hashicorp.com
  version: 0.31.0
- name: external-secrets
  repository: https://charts.external-secrets.io
  version: 1.2.1
digest: sha256:1766913cff291b66f73d99a9488cf8dd5f07c9bd8225fa8c5d4fe3bcb5ae92e3
generated: "2026-01-06T14:16:37.905268+01:00"
