dependencies:
- name: sealed-secrets
  repository: https://bitnami-labs.github.io/sealed-secrets
  version: 2.18.0
- name: vault
  repository: https://helm.releases.hashicorp.com
  version: 0.31.0
- name: external-secrets
  repository: https://charts.external-secrets.io
  version: 1.2.1
- name: cert-manager
  repository: https://charts.jetstack.io
  version: v1.19.2
digest: sha256:3ee3fde0f00f841c131c98b0e65da29738d27b09047d5334e66dd09d6b1d3f36
generated: "2026-01-25T19:28:04.962574+01:00"
